
Microsoft Visual Studio Solution File, Format Version 12.00
# Visual Studio Version 16
VisualStudioVersion = 16.0.29806.167
MinimumVisualStudioVersion = 10.0.40219.1
Project("{FAE04EC0-301F-11D3-BF4B-00C04F79EFBC}") = "GamePortal.Web.Api", "GamePortal.Web.Api\GamePortal.Web.Api.csproj", "{0BA477E8-75E5-47E9-80E3-BEC40BFF9E4D}"
EndProject
Project("{2150E333-8FDC-42A3-9474-1A3956D46DE8}") = "Logic", "Logic", "{0D36CCD3-8BF6-41F9-956F-861D98BED722}"
EndProject
Project("{2150E333-8FDC-42A3-9474-1A3956D46DE8}") = "Data", "Data", "{21F0135F-404E-47A1-A4FC-A91C757E4F48}"
EndProject
Project("{2150E333-8FDC-42A3-9474-1A3956D46DE8}") = "Tests", "Tests", "{79C29D25-5734-49FD-81D7-E626E3529148}"
EndProject
Project("{FAE04EC0-301F-11D3-BF4B-00C04F79EFBC}") = "Kbalan.TouchType.Data", "Kbalan.TouchType.Data\Kbalan.TouchType.Data.csproj", "{18788A74-7694-4DD2-916E-ACEC7E68BC22}"
EndProject
Project("{FAE04EC0-301F-11D3-BF4B-00C04F79EFBC}") = "Kbalan.TouchType.Logic", "Kbalan.TouchType.Logic\Kbalan.TouchType.Logic.csproj", "{4118173A-5FA8-4258-85EF-B7DC939042C3}"
EndProject
Project("{FAE04EC0-301F-11D3-BF4B-00C04F79EFBC}") = "Kbalan.TouchType.Logic.Tests", "Kbalan.TouchType.Logic.Tests\Kbalan.TouchType.Logic.Tests.csproj", "{03BADD53-9F57-4EA4-AD81-9E60A2393682}"
EndProject
Project("{FAE04EC0-301F-11D3-BF4B-00C04F79EFBC}") = "Dzan.Sudoku.Data", "Dzan.Sudoku.Data\Dzan.Sudoku.Data.csproj", "{0C2E892A-7FF3-4848-B58D-CE8F84051212}"
EndProject
Project("{FAE04EC0-301F-11D3-BF4B-00C04F79EFBC}") = "Dzan.Sudoku.Logic", "Dzan.Sudoku.Logic\Dzan.Sudoku.Logic.csproj", "{98A5B4AD-EB2A-4B21-A3A5-E6797CB7AD53}"
EndProject
Project("{FAE04EC0-301F-11D3-BF4B-00C04F79EFBC}") = "Dzan.Sudoku.Logic.Tests", "Dzan.Sudoku.Logic.Tests\Dzan.Sudoku.Logic.Tests.csproj", "{F3DE04C9-6180-40F0-87EF-1356902A8E97}"
EndProject
Project("{FAE04EC0-301F-11D3-BF4B-00C04F79EFBC}") = "AliaksNad.Battleship.Data", "AliaksNad.Battleship.Data\AliaksNad.Battleship.Data.csproj", "{A7E7B911-034F-4B6B-A154-452CBFABB14E}"
EndProject
Project("{FAE04EC0-301F-11D3-BF4B-00C04F79EFBC}") = "AliaksNad.Battleship.Logic", "AliaksNad.Battleship.Logic\AliaksNad.Battleship.Logic.csproj", "{56DCD764-ED73-409B-961B-521FE4D34F27}"
EndProject
Project("{FAE04EC0-301F-11D3-BF4B-00C04F79EFBC}") = "AliaksNad.Battleship.Logic.Test", "AliaksNad.Battleship.Logic.Test\AliaksNad.Battleship.Logic.Test.csproj", "{F31602D2-85AC-47B2-9ED9-96F46AAEFD07}"
EndProject
Project("{FAE04EC0-301F-11D3-BF4B-00C04F79EFBC}") = "Vitaly.Sapper.Data", "Vitaly.Sapper.Data\Vitaly.Sapper.Data.csproj", "{0A79BF1E-062E-4689-8D3B-7CE12855796C}"
EndProject
Project("{FAE04EC0-301F-11D3-BF4B-00C04F79EFBC}") = "Vitaly.Sapper.Logic", "Vitaly.Sapper.Logic\Vitaly.Sapper.Logic.csproj", "{AF200A1F-BA4C-4A57-9CBA-BA48F8F522E8}"
EndProject
Project("{FAE04EC0-301F-11D3-BF4B-00C04F79EFBC}") = "Vitaly.Sapper.Logic.Tests", "Vitaly.Sapper.Logic.Tests\Vitaly.Sapper.Logic.Tests.csproj", "{C17D0200-6255-4EF7-89AF-54D94A159B27}"
EndProject
Project("{FAE04EC0-301F-11D3-BF4B-00C04F79EFBC}") = "Igro.Quoridor.Data", "Igro.Quoridor.Data\Igro.Quoridor.Data.csproj", "{51D7CC3A-836F-4343-8B42-D4701F622A1E}"
EndProject
Project("{FAE04EC0-301F-11D3-BF4B-00C04F79EFBC}") = "Igro.Quoridor.Logic", "Igro.Quoridor.Logic\Igro.Quoridor.Logic.csproj", "{645C087D-0F20-45E8-83A0-703051FCBC14}"
EndProject
Project("{FAE04EC0-301F-11D3-BF4B-00C04F79EFBC}") = "Igro.Quoridor.Logic.Tests", "Igro.Quoridor.Logic.Tests\Igro.Quoridor.Logic.Tests.csproj", "{1A9E9A17-D7AB-4344-8C8E-D81ED89B0554}"
EndProject
Project("{FAE04EC0-301F-11D3-BF4B-00C04F79EFBC}") = "AVasil.DotsAndBlocks.Data", "AVasil.DotsAndBlocks.Data\AVasil.DotsAndBlocks.Data.csproj", "{756A848D-1659-4A89-9BEC-92B8F97E83B7}"
EndProject
Project("{FAE04EC0-301F-11D3-BF4B-00C04F79EFBC}") = "AVasil.DotsAndBlocks.Logic", "AVasil.DotsAndBlocks.Logic\AVasil.DotsAndBlocks.Logic.csproj", "{EB9A2CBC-F50F-423A-87AE-DCE103520380}"
EndProject
Project("{FAE04EC0-301F-11D3-BF4B-00C04F79EFBC}") = "AVasil.DotsAndBlocks.Logic.Tests", "AVasil.DotsAndBlocks.Logic.Tests\AVasil.DotsAndBlocks.Logic.Tests.csproj", "{C0211A5B-364F-4C62-8BE7-E2522EFADB55}"
EndProject
Project("{2150E333-8FDC-42A3-9474-1A3956D46DE8}") = "DTO", "DTO", "{7B702CB2-B5BC-4C4D-8E00-63C38DD3157A}"
EndProject
Global
	GlobalSection(SolutionConfigurationPlatforms) = preSolution
		Debug|Any CPU = Debug|Any CPU
		Release|Any CPU = Release|Any CPU
	EndGlobalSection
	GlobalSection(ProjectConfigurationPlatforms) = postSolution
		{0BA477E8-75E5-47E9-80E3-BEC40BFF9E4D}.Debug|Any CPU.ActiveCfg = Debug|Any CPU
		{0BA477E8-75E5-47E9-80E3-BEC40BFF9E4D}.Debug|Any CPU.Build.0 = Debug|Any CPU
		{0BA477E8-75E5-47E9-80E3-BEC40BFF9E4D}.Release|Any CPU.ActiveCfg = Release|Any CPU
		{0BA477E8-75E5-47E9-80E3-BEC40BFF9E4D}.Release|Any CPU.Build.0 = Release|Any CPU
		{18788A74-7694-4DD2-916E-ACEC7E68BC22}.Debug|Any CPU.ActiveCfg = Debug|Any CPU
		{18788A74-7694-4DD2-916E-ACEC7E68BC22}.Debug|Any CPU.Build.0 = Debug|Any CPU
		{18788A74-7694-4DD2-916E-ACEC7E68BC22}.Release|Any CPU.ActiveCfg = Release|Any CPU
		{18788A74-7694-4DD2-916E-ACEC7E68BC22}.Release|Any CPU.Build.0 = Release|Any CPU
		{4118173A-5FA8-4258-85EF-B7DC939042C3}.Debug|Any CPU.ActiveCfg = Debug|Any CPU
		{4118173A-5FA8-4258-85EF-B7DC939042C3}.Debug|Any CPU.Build.0 = Debug|Any CPU
		{4118173A-5FA8-4258-85EF-B7DC939042C3}.Release|Any CPU.ActiveCfg = Release|Any CPU
		{4118173A-5FA8-4258-85EF-B7DC939042C3}.Release|Any CPU.Build.0 = Release|Any CPU
		{03BADD53-9F57-4EA4-AD81-9E60A2393682}.Debug|Any CPU.ActiveCfg = Debug|Any CPU
		{03BADD53-9F57-4EA4-AD81-9E60A2393682}.Debug|Any CPU.Build.0 = Debug|Any CPU
		{03BADD53-9F57-4EA4-AD81-9E60A2393682}.Release|Any CPU.ActiveCfg = Release|Any CPU
		{03BADD53-9F57-4EA4-AD81-9E60A2393682}.Release|Any CPU.Build.0 = Release|Any CPU
		{0C2E892A-7FF3-4848-B58D-CE8F84051212}.Debug|Any CPU.ActiveCfg = Debug|Any CPU
		{0C2E892A-7FF3-4848-B58D-CE8F84051212}.Debug|Any CPU.Build.0 = Debug|Any CPU
		{0C2E892A-7FF3-4848-B58D-CE8F84051212}.Release|Any CPU.ActiveCfg = Release|Any CPU
		{0C2E892A-7FF3-4848-B58D-CE8F84051212}.Release|Any CPU.Build.0 = Release|Any CPU
		{98A5B4AD-EB2A-4B21-A3A5-E6797CB7AD53}.Debug|Any CPU.ActiveCfg = Debug|Any CPU
		{98A5B4AD-EB2A-4B21-A3A5-E6797CB7AD53}.Debug|Any CPU.Build.0 = Debug|Any CPU
		{98A5B4AD-EB2A-4B21-A3A5-E6797CB7AD53}.Release|Any CPU.ActiveCfg = Release|Any CPU
		{98A5B4AD-EB2A-4B21-A3A5-E6797CB7AD53}.Release|Any CPU.Build.0 = Release|Any CPU
		{F3DE04C9-6180-40F0-87EF-1356902A8E97}.Debug|Any CPU.ActiveCfg = Debug|Any CPU
		{F3DE04C9-6180-40F0-87EF-1356902A8E97}.Debug|Any CPU.Build.0 = Debug|Any CPU
		{F3DE04C9-6180-40F0-87EF-1356902A8E97}.Release|Any CPU.ActiveCfg = Release|Any CPU
		{F3DE04C9-6180-40F0-87EF-1356902A8E97}.Release|Any CPU.Build.0 = Release|Any CPU
		{A7E7B911-034F-4B6B-A154-452CBFABB14E}.Debug|Any CPU.ActiveCfg = Debug|Any CPU
		{A7E7B911-034F-4B6B-A154-452CBFABB14E}.Debug|Any CPU.Build.0 = Debug|Any CPU
		{A7E7B911-034F-4B6B-A154-452CBFABB14E}.Release|Any CPU.ActiveCfg = Release|Any CPU
		{A7E7B911-034F-4B6B-A154-452CBFABB14E}.Release|Any CPU.Build.0 = Release|Any CPU
		{56DCD764-ED73-409B-961B-521FE4D34F27}.Debug|Any CPU.ActiveCfg = Debug|Any CPU
		{56DCD764-ED73-409B-961B-521FE4D34F27}.Debug|Any CPU.Build.0 = Debug|Any CPU
		{56DCD764-ED73-409B-961B-521FE4D34F27}.Release|Any CPU.ActiveCfg = Release|Any CPU
		{56DCD764-ED73-409B-961B-521FE4D34F27}.Release|Any CPU.Build.0 = Release|Any CPU
		{F31602D2-85AC-47B2-9ED9-96F46AAEFD07}.Debug|Any CPU.ActiveCfg = Debug|Any CPU
		{F31602D2-85AC-47B2-9ED9-96F46AAEFD07}.Debug|Any CPU.Build.0 = Debug|Any CPU
		{F31602D2-85AC-47B2-9ED9-96F46AAEFD07}.Release|Any CPU.ActiveCfg = Release|Any CPU
		{F31602D2-85AC-47B2-9ED9-96F46AAEFD07}.Release|Any CPU.Build.0 = Release|Any CPU
		{0A79BF1E-062E-4689-8D3B-7CE12855796C}.Debug|Any CPU.ActiveCfg = Debug|Any CPU
		{0A79BF1E-062E-4689-8D3B-7CE12855796C}.Debug|Any CPU.Build.0 = Debug|Any CPU
		{0A79BF1E-062E-4689-8D3B-7CE12855796C}.Release|Any CPU.ActiveCfg = Release|Any CPU
		{0A79BF1E-062E-4689-8D3B-7CE12855796C}.Release|Any CPU.Build.0 = Release|Any CPU
		{AF200A1F-BA4C-4A57-9CBA-BA48F8F522E8}.Debug|Any CPU.ActiveCfg = Debug|Any CPU
		{AF200A1F-BA4C-4A57-9CBA-BA48F8F522E8}.Debug|Any CPU.Build.0 = Debug|Any CPU
		{AF200A1F-BA4C-4A57-9CBA-BA48F8F522E8}.Release|Any CPU.ActiveCfg = Release|Any CPU
		{AF200A1F-BA4C-4A57-9CBA-BA48F8F522E8}.Release|Any CPU.Build.0 = Release|Any CPU
		{C17D0200-6255-4EF7-89AF-54D94A159B27}.Debug|Any CPU.ActiveCfg = Debug|Any CPU
		{C17D0200-6255-4EF7-89AF-54D94A159B27}.Debug|Any CPU.Build.0 = Debug|Any CPU
		{C17D0200-6255-4EF7-89AF-54D94A159B27}.Release|Any CPU.ActiveCfg = Release|Any CPU
		{C17D0200-6255-4EF7-89AF-54D94A159B27}.Release|Any CPU.Build.0 = Release|Any CPU
		{51D7CC3A-836F-4343-8B42-D4701F622A1E}.Debug|Any CPU.ActiveCfg = Debug|Any CPU
		{51D7CC3A-836F-4343-8B42-D4701F622A1E}.Debug|Any CPU.Build.0 = Debug|Any CPU
		{51D7CC3A-836F-4343-8B42-D4701F622A1E}.Release|Any CPU.ActiveCfg = Release|Any CPU
		{51D7CC3A-836F-4343-8B42-D4701F622A1E}.Release|Any CPU.Build.0 = Release|Any CPU
		{645C087D-0F20-45E8-83A0-703051FCBC14}.Debug|Any CPU.ActiveCfg = Debug|Any CPU
		{645C087D-0F20-45E8-83A0-703051FCBC14}.Debug|Any CPU.Build.0 = Debug|Any CPU
		{645C087D-0F20-45E8-83A0-703051FCBC14}.Release|Any CPU.ActiveCfg = Release|Any CPU
		{645C087D-0F20-45E8-83A0-703051FCBC14}.Release|Any CPU.Build.0 = Release|Any CPU
		{1A9E9A17-D7AB-4344-8C8E-D81ED89B0554}.Debug|Any CPU.ActiveCfg = Debug|Any CPU
		{1A9E9A17-D7AB-4344-8C8E-D81ED89B0554}.Debug|Any CPU.Build.0 = Debug|Any CPU
		{1A9E9A17-D7AB-4344-8C8E-D81ED89B0554}.Release|Any CPU.ActiveCfg = Release|Any CPU
		{1A9E9A17-D7AB-4344-8C8E-D81ED89B0554}.Release|Any CPU.Build.0 = Release|Any CPU
		{756A848D-1659-4A89-9BEC-92B8F97E83B7}.Debug|Any CPU.ActiveCfg = Debug|Any CPU
		{756A848D-1659-4A89-9BEC-92B8F97E83B7}.Debug|Any CPU.Build.0 = Debug|Any CPU
		{756A848D-1659-4A89-9BEC-92B8F97E83B7}.Release|Any CPU.ActiveCfg = Release|Any CPU
		{756A848D-1659-4A89-9BEC-92B8F97E83B7}.Release|Any CPU.Build.0 = Release|Any CPU
		{EB9A2CBC-F50F-423A-87AE-DCE103520380}.Debug|Any CPU.ActiveCfg = Debug|Any CPU
		{EB9A2CBC-F50F-423A-87AE-DCE103520380}.Debug|Any CPU.Build.0 = Debug|Any CPU
		{EB9A2CBC-F50F-423A-87AE-DCE103520380}.Release|Any CPU.ActiveCfg = Release|Any CPU
		{EB9A2CBC-F50F-423A-87AE-DCE103520380}.Release|Any CPU.Build.0 = Release|Any CPU
		{C0211A5B-364F-4C62-8BE7-E2522EFADB55}.Debug|Any CPU.ActiveCfg = Debug|Any CPU
		{C0211A5B-364F-4C62-8BE7-E2522EFADB55}.Debug|Any CPU.Build.0 = Debug|Any CPU
		{C0211A5B-364F-4C62-8BE7-E2522EFADB55}.Release|Any CPU.ActiveCfg = Release|Any CPU
		{C0211A5B-364F-4C62-8BE7-E2522EFADB55}.Release|Any CPU.Build.0 = Release|Any CPU
	EndGlobalSection
	GlobalSection(SolutionProperties) = preSolution
		HideSolutionNode = FALSE
	EndGlobalSection
	GlobalSection(NestedProjects) = preSolution
		{18788A74-7694-4DD2-916E-ACEC7E68BC22} = {21F0135F-404E-47A1-A4FC-A91C757E4F48}
		{4118173A-5FA8-4258-85EF-B7DC939042C3} = {0D36CCD3-8BF6-41F9-956F-861D98BED722}
		{03BADD53-9F57-4EA4-AD81-9E60A2393682} = {79C29D25-5734-49FD-81D7-E626E3529148}
		{0C2E892A-7FF3-4848-B58D-CE8F84051212} = {21F0135F-404E-47A1-A4FC-A91C757E4F48}
		{98A5B4AD-EB2A-4B21-A3A5-E6797CB7AD53} = {0D36CCD3-8BF6-41F9-956F-861D98BED722}
		{F3DE04C9-6180-40F0-87EF-1356902A8E97} = {79C29D25-5734-49FD-81D7-E626E3529148}
		{A7E7B911-034F-4B6B-A154-452CBFABB14E} = {21F0135F-404E-47A1-A4FC-A91C757E4F48}
		{56DCD764-ED73-409B-961B-521FE4D34F27} = {0D36CCD3-8BF6-41F9-956F-861D98BED722}
		{F31602D2-85AC-47B2-9ED9-96F46AAEFD07} = {79C29D25-5734-49FD-81D7-E626E3529148}
		{0A79BF1E-062E-4689-8D3B-7CE12855796C} = {21F0135F-404E-47A1-A4FC-A91C757E4F48}
		{AF200A1F-BA4C-4A57-9CBA-BA48F8F522E8} = {0D36CCD3-8BF6-41F9-956F-861D98BED722}
		{C17D0200-6255-4EF7-89AF-54D94A159B27} = {79C29D25-5734-49FD-81D7-E626E3529148}
		{51D7CC3A-836F-4343-8B42-D4701F622A1E} = {21F0135F-404E-47A1-A4FC-A91C757E4F48}
		{645C087D-0F20-45E8-83A0-703051FCBC14} = {0D36CCD3-8BF6-41F9-956F-861D98BED722}
		{1A9E9A17-D7AB-4344-8C8E-D81ED89B0554} = {79C29D25-5734-49FD-81D7-E626E3529148}
		{756A848D-1659-4A89-9BEC-92B8F97E83B7} = {21F0135F-404E-47A1-A4FC-A91C757E4F48}
		{EB9A2CBC-F50F-423A-87AE-DCE103520380} = {0D36CCD3-8BF6-41F9-956F-861D98BED722}
		{C0211A5B-364F-4C62-8BE7-E2522EFADB55} = {79C29D25-5734-49FD-81D7-E626E3529148}
		{7B702CB2-B5BC-4C4D-8E00-63C38DD3157A} = {0D36CCD3-8BF6-41F9-956F-861D98BED722}
	EndGlobalSection
	GlobalSection(ExtensibilityGlobals) = postSolution
		SolutionGuid = {40E60000-8439-49C0-895F-4B30897CBCDD}
	EndGlobalSection
EndGlobal
