
Microsoft Visual Studio Solution File, Format Version 12.00
# Visual Studio Version 16
VisualStudioVersion = 16.0.29806.167
MinimumVisualStudioVersion = 10.0.40219.1
Project("{FAE04EC0-301F-11D3-BF4B-00C04F79EFBC}") = "GamePortal.Web.Api", "GamePortal.Web.Api\GamePortal.Web.Api.csproj", "{0BA477E8-75E5-47E9-80E3-BEC40BFF9E4D}"
EndProject
Project("{2150E333-8FDC-42A3-9474-1A3956D46DE8}") = "Logic", "Logic", "{0D36CCD3-8BF6-41F9-956F-861D98BED722}"
EndProject
Project("{2150E333-8FDC-42A3-9474-1A3956D46DE8}") = "Data", "Data", "{21F0135F-404E-47A1-A4FC-A91C757E4F48}"
EndProject
Project("{2150E333-8FDC-42A3-9474-1A3956D46DE8}") = "Tests", "Tests", "{79C29D25-5734-49FD-81D7-E626E3529148}"
EndProject
Project("{FAE04EC0-301F-11D3-BF4B-00C04F79EFBC}") = "Kbalan.TouchType.Data", "Kbalan.TouchType.Data\Kbalan.TouchType.Data.csproj", "{18788A74-7694-4DD2-916E-ACEC7E68BC22}"
EndProject
Project("{FAE04EC0-301F-11D3-BF4B-00C04F79EFBC}") = "Kbalan.TouchType.Logic", "Kbalan.TouchType.Logic\Kbalan.TouchType.Logic.csproj", "{4118173A-5FA8-4258-85EF-B7DC939042C3}"
EndProject
Project("{FAE04EC0-301F-11D3-BF4B-00C04F79EFBC}") = "Kbalan.TouchType.Logic.Tests", "Kbalan.TouchType.Logic.Tests\Kbalan.TouchType.Logic.Tests.csproj", "{03BADD53-9F57-4EA4-AD81-9E60A2393682}"
EndProject
Project("{FAE04EC0-301F-11D3-BF4B-00C04F79EFBC}") = "Dzan.Sudoku.Data", "Dzan.Sudoku.Data\Dzan.Sudoku.Data.csproj", "{0C2E892A-7FF3-4848-B58D-CE8F84051212}"
EndProject
Project("{FAE04EC0-301F-11D3-BF4B-00C04F79EFBC}") = "Dzan.Sudoku.Logic", "Dzan.Sudoku.Logic\Dzan.Sudoku.Logic.csproj", "{98A5B4AD-EB2A-4B21-A3A5-E6797CB7AD53}"
EndProject
Project("{FAE04EC0-301F-11D3-BF4B-00C04F79EFBC}") = "Dzan.Sudoku.Logic.Tests", "Dzan.Sudoku.Logic.Tests\Dzan.Sudoku.Logic.Tests.csproj", "{F3DE04C9-6180-40F0-87EF-1356902A8E97}"
EndProject
Global
	GlobalSection(SolutionConfigurationPlatforms) = preSolution
		Debug|Any CPU = Debug|Any CPU
		Release|Any CPU = Release|Any CPU
	EndGlobalSection
	GlobalSection(ProjectConfigurationPlatforms) = postSolution
		{0BA477E8-75E5-47E9-80E3-BEC40BFF9E4D}.Debug|Any CPU.ActiveCfg = Debug|Any CPU
		{0BA477E8-75E5-47E9-80E3-BEC40BFF9E4D}.Debug|Any CPU.Build.0 = Debug|Any CPU
		{0BA477E8-75E5-47E9-80E3-BEC40BFF9E4D}.Release|Any CPU.ActiveCfg = Release|Any CPU
		{0BA477E8-75E5-47E9-80E3-BEC40BFF9E4D}.Release|Any CPU.Build.0 = Release|Any CPU
		{18788A74-7694-4DD2-916E-ACEC7E68BC22}.Debug|Any CPU.ActiveCfg = Debug|Any CPU
		{18788A74-7694-4DD2-916E-ACEC7E68BC22}.Debug|Any CPU.Build.0 = Debug|Any CPU
		{18788A74-7694-4DD2-916E-ACEC7E68BC22}.Release|Any CPU.ActiveCfg = Release|Any CPU
		{18788A74-7694-4DD2-916E-ACEC7E68BC22}.Release|Any CPU.Build.0 = Release|Any CPU
		{4118173A-5FA8-4258-85EF-B7DC939042C3}.Debug|Any CPU.ActiveCfg = Debug|Any CPU
		{4118173A-5FA8-4258-85EF-B7DC939042C3}.Debug|Any CPU.Build.0 = Debug|Any CPU
		{4118173A-5FA8-4258-85EF-B7DC939042C3}.Release|Any CPU.ActiveCfg = Release|Any CPU
		{4118173A-5FA8-4258-85EF-B7DC939042C3}.Release|Any CPU.Build.0 = Release|Any CPU
		{03BADD53-9F57-4EA4-AD81-9E60A2393682}.Debug|Any CPU.ActiveCfg = Debug|Any CPU
		{03BADD53-9F57-4EA4-AD81-9E60A2393682}.Debug|Any CPU.Build.0 = Debug|Any CPU
		{03BADD53-9F57-4EA4-AD81-9E60A2393682}.Release|Any CPU.ActiveCfg = Release|Any CPU
		{03BADD53-9F57-4EA4-AD81-9E60A2393682}.Release|Any CPU.Build.0 = Release|Any CPU
		{0C2E892A-7FF3-4848-B58D-CE8F84051212}.Debug|Any CPU.ActiveCfg = Debug|Any CPU
		{0C2E892A-7FF3-4848-B58D-CE8F84051212}.Debug|Any CPU.Build.0 = Debug|Any CPU
		{0C2E892A-7FF3-4848-B58D-CE8F84051212}.Release|Any CPU.ActiveCfg = Release|Any CPU
		{0C2E892A-7FF3-4848-B58D-CE8F84051212}.Release|Any CPU.Build.0 = Release|Any CPU
		{98A5B4AD-EB2A-4B21-A3A5-E6797CB7AD53}.Debug|Any CPU.ActiveCfg = Debug|Any CPU
		{98A5B4AD-EB2A-4B21-A3A5-E6797CB7AD53}.Debug|Any CPU.Build.0 = Debug|Any CPU
		{98A5B4AD-EB2A-4B21-A3A5-E6797CB7AD53}.Release|Any CPU.ActiveCfg = Release|Any CPU
		{98A5B4AD-EB2A-4B21-A3A5-E6797CB7AD53}.Release|Any CPU.Build.0 = Release|Any CPU
		{F3DE04C9-6180-40F0-87EF-1356902A8E97}.Debug|Any CPU.ActiveCfg = Debug|Any CPU
		{F3DE04C9-6180-40F0-87EF-1356902A8E97}.Debug|Any CPU.Build.0 = Debug|Any CPU
		{F3DE04C9-6180-40F0-87EF-1356902A8E97}.Release|Any CPU.ActiveCfg = Release|Any CPU
		{F3DE04C9-6180-40F0-87EF-1356902A8E97}.Release|Any CPU.Build.0 = Release|Any CPU
	EndGlobalSection
	GlobalSection(SolutionProperties) = preSolution
		HideSolutionNode = FALSE
	EndGlobalSection
	GlobalSection(NestedProjects) = preSolution
		{18788A74-7694-4DD2-916E-ACEC7E68BC22} = {21F0135F-404E-47A1-A4FC-A91C757E4F48}
		{4118173A-5FA8-4258-85EF-B7DC939042C3} = {0D36CCD3-8BF6-41F9-956F-861D98BED722}
		{03BADD53-9F57-4EA4-AD81-9E60A2393682} = {79C29D25-5734-49FD-81D7-E626E3529148}
		{0C2E892A-7FF3-4848-B58D-CE8F84051212} = {21F0135F-404E-47A1-A4FC-A91C757E4F48}
		{98A5B4AD-EB2A-4B21-A3A5-E6797CB7AD53} = {0D36CCD3-8BF6-41F9-956F-861D98BED722}
		{F3DE04C9-6180-40F0-87EF-1356902A8E97} = {79C29D25-5734-49FD-81D7-E626E3529148}
	EndGlobalSection
	GlobalSection(ExtensibilityGlobals) = postSolution
		SolutionGuid = {40E60000-8439-49C0-895F-4B30897CBCDD}
	EndGlobalSection
EndGlobal
