
Microsoft Visual Studio Solution File, Format Version 12.00
# Visual Studio Version 16
VisualStudioVersion = 16.0.29806.167
MinimumVisualStudioVersion = 10.0.40219.1
Project("{FAE04EC0-301F-11D3-BF4B-00C04F79EFBC}") = "GamePortal.Web.Api", "GamePortal.Web.Api\GamePortal.Web.Api.csproj", "{0BA477E8-75E5-47E9-80E3-BEC40BFF9E4D}"
EndProject
Project("{2150E333-8FDC-42A3-9474-1A3956D46DE8}") = "Logic", "Logic", "{0D36CCD3-8BF6-41F9-956F-861D98BED722}"
EndProject
Project("{2150E333-8FDC-42A3-9474-1A3956D46DE8}") = "Data", "Data", "{21F0135F-404E-47A1-A4FC-A91C757E4F48}"
EndProject
Project("{2150E333-8FDC-42A3-9474-1A3956D46DE8}") = "Tests", "Tests", "{79C29D25-5734-49FD-81D7-E626E3529148}"
EndProject
Project("{FAE04EC0-301F-11D3-BF4B-00C04F79EFBC}") = "Igrom.Quoridor.Data", "Igrom.Quoridor.Data\Igrom.Quoridor.Data.csproj", "{AD4C68FC-1820-4BB2-9127-95B1B0C1C7D5}"
EndProject
Project("{FAE04EC0-301F-11D3-BF4B-00C04F79EFBC}") = "Igrom.Quoridor.Logic", "Igrom.Quoridor.Logic\Igrom.Quoridor.Logic.csproj", "{CD663FA2-AA20-4953-804A-B447B2AB2B8B}"
EndProject
Project("{FAE04EC0-301F-11D3-BF4B-00C04F79EFBC}") = "Igrom.Quoridor.Logic.Tests", "Igrom.Quoridor.Logic.Tests\Igrom.Quoridor.Logic.Tests.csproj", "{17BD4C94-7956-4EA9-9FAD-DD6AA17AC85E}"
EndProject
Global
	GlobalSection(SolutionConfigurationPlatforms) = preSolution
		Debug|Any CPU = Debug|Any CPU
		Release|Any CPU = Release|Any CPU
	EndGlobalSection
	GlobalSection(ProjectConfigurationPlatforms) = postSolution
		{0BA477E8-75E5-47E9-80E3-BEC40BFF9E4D}.Debug|Any CPU.ActiveCfg = Debug|Any CPU
		{0BA477E8-75E5-47E9-80E3-BEC40BFF9E4D}.Debug|Any CPU.Build.0 = Debug|Any CPU
		{0BA477E8-75E5-47E9-80E3-BEC40BFF9E4D}.Release|Any CPU.ActiveCfg = Release|Any CPU
		{0BA477E8-75E5-47E9-80E3-BEC40BFF9E4D}.Release|Any CPU.Build.0 = Release|Any CPU
		{AD4C68FC-1820-4BB2-9127-95B1B0C1C7D5}.Debug|Any CPU.ActiveCfg = Debug|Any CPU
		{AD4C68FC-1820-4BB2-9127-95B1B0C1C7D5}.Debug|Any CPU.Build.0 = Debug|Any CPU
		{AD4C68FC-1820-4BB2-9127-95B1B0C1C7D5}.Release|Any CPU.ActiveCfg = Release|Any CPU
		{AD4C68FC-1820-4BB2-9127-95B1B0C1C7D5}.Release|Any CPU.Build.0 = Release|Any CPU
		{CD663FA2-AA20-4953-804A-B447B2AB2B8B}.Debug|Any CPU.ActiveCfg = Debug|Any CPU
		{CD663FA2-AA20-4953-804A-B447B2AB2B8B}.Debug|Any CPU.Build.0 = Debug|Any CPU
		{CD663FA2-AA20-4953-804A-B447B2AB2B8B}.Release|Any CPU.ActiveCfg = Release|Any CPU
		{CD663FA2-AA20-4953-804A-B447B2AB2B8B}.Release|Any CPU.Build.0 = Release|Any CPU
		{17BD4C94-7956-4EA9-9FAD-DD6AA17AC85E}.Debug|Any CPU.ActiveCfg = Debug|Any CPU
		{17BD4C94-7956-4EA9-9FAD-DD6AA17AC85E}.Debug|Any CPU.Build.0 = Debug|Any CPU
		{17BD4C94-7956-4EA9-9FAD-DD6AA17AC85E}.Release|Any CPU.ActiveCfg = Release|Any CPU
		{17BD4C94-7956-4EA9-9FAD-DD6AA17AC85E}.Release|Any CPU.Build.0 = Release|Any CPU
	EndGlobalSection
	GlobalSection(SolutionProperties) = preSolution
		HideSolutionNode = FALSE
	EndGlobalSection
	GlobalSection(NestedProjects) = preSolution
		{AD4C68FC-1820-4BB2-9127-95B1B0C1C7D5} = {21F0135F-404E-47A1-A4FC-A91C757E4F48}
		{CD663FA2-AA20-4953-804A-B447B2AB2B8B} = {0D36CCD3-8BF6-41F9-956F-861D98BED722}
		{17BD4C94-7956-4EA9-9FAD-DD6AA17AC85E} = {79C29D25-5734-49FD-81D7-E626E3529148}
	EndGlobalSection
	GlobalSection(ExtensibilityGlobals) = postSolution
		SolutionGuid = {40E60000-8439-49C0-895F-4B30897CBCDD}
	EndGlobalSection
EndGlobal
